// !$*UTF8*$!
{
	archiveVersion = 1;
	classes = {
	};
	objectVersion = 50;
	objects = {

/* Begin PBXBuildFile section */
		A6C6EF9724A111190086739C /* AppDelegate.swift in Sources */ = {isa = PBXBuildFile; fileRef = A6C6EF9624A111190086739C /* AppDelegate.swift */; };
		A6C6EF9924A111190086739C /* SceneDelegate.swift in Sources */ = {isa = PBXBuildFile; fileRef = A6C6EF9824A111190086739C /* SceneDelegate.swift */; };
		A6C6EF9E24A111190086739C /* Main.storyboard in Resources */ = {isa = PBXBuildFile; fileRef = A6C6EF9C24A111190086739C /* Main.storyboard */; };
		A6C6EFA124A111190086739C /* To_Do_KK.xcdatamodeld in Sources */ = {isa = PBXBuildFile; fileRef = A6C6EF9F24A111190086739C /* To_Do_KK.xcdatamodeld */; };
		A6C6EFA324A1111F0086739C /* Assets.xcassets in Resources */ = {isa = PBXBuildFile; fileRef = A6C6EFA224A1111F0086739C /* Assets.xcassets */; };
		A6C6EFA624A1111F0086739C /* LaunchScreen.storyboard in Resources */ = {isa = PBXBuildFile; fileRef = A6C6EFA424A1111F0086739C /* LaunchScreen.storyboard */; };
		A6C6EFAE24A117470086739C /* ToDoTableViewController.swift in Sources */ = {isa = PBXBuildFile; fileRef = A6C6EFAD24A117470086739C /* ToDoTableViewController.swift */; };
		A6C6EFB024A119550086739C /* ToDo.swift in Sources */ = {isa = PBXBuildFile; fileRef = A6C6EFAF24A119550086739C /* ToDo.swift */; };
/* End PBXBuildFile section */

/* Begin PBXFileReference section */
		A6C6EF9324A111190086739C /* To Do KK.app */ = {isa = PBXFileReference; explicitFileType = wrapper.application; includeInIndex = 0; path = "To Do KK.app"; sourceTree = BUILT_PRODUCTS_DIR; };
		A6C6EF9624A111190086739C /* AppDelegate.swift */ = {isa = PBXFileReference; lastKnownFileType = sourcecode.swift; path = AppDelegate.swift; sourceTree = "<group>"; };
		A6C6EF9824A111190086739C /* SceneDelegate.swift */ = {isa = PBXFileReference; lastKnownFileType = sourcecode.swift; path = SceneDelegate.swift; sourceTree = "<group>"; };
		A6C6EF9D24A111190086739C /* Base */ = {isa = PBXFileReference; lastKnownFileType = file.storyboard; name = Base; path = Base.lproj/Main.storyboard; sourceTree = "<group>"; };
		A6C6EFA024A111190086739C /* To_Do_KK.xcdatamodel */ = {isa = PBXFileReference; lastKnownFileType = wrapper.xcdatamodel; path = To_Do_KK.xcdatamodel; sourceTree = "<group>"; };
		A6C6EFA224A1111F0086739C /* Assets.xcassets */ = {isa = PBXFileReference; lastKnownFileType = folder.assetcatalog; path = Assets.xcassets; sourceTree = "<group>"; };
		A6C6EFA524A1111F0086739C /* Base */ = {isa = PBXFileReference; lastKnownFileType = file.storyboard; name = Base; path = Base.lproj/LaunchScreen.storyboard; sourceTree = "<group>"; };
		A6C6EFA724A1111F0086739C /* Info.plist */ = {isa = PBXFileReference; lastKnownFileType = text.plist.xml; path = Info.plist; sourceTree = "<group>"; };
		A6C6EFAD24A117470086739C /* ToDoTableViewController.swift */ = {isa = PBXFileReference; lastKnownFileType = sourcecode.swift; name = ToDoTableViewController.swift; path = Assets.xcassets/ToDoTableViewController.swift; sourceTree = "<group>"; };
		A6C6EFAF24A119550086739C /* ToDo.swift */ = {isa = PBXFileReference; lastKnownFileType = sourcecode.swift; path = ToDo.swift; sourceTree = "<group>"; };
/* End PBXFileReference section */

/* Begin PBXFrameworksBuildPhase section */
		A6C6EF9024A111190086739C /* Frameworks */ = {
			isa = PBXFrameworksBuildPhase;
			buildActionMask = 2147483647;
			files = (
			);
			runOnlyForDeploymentPostprocessing = 0;
		};
/* End PBXFrameworksBuildPhase section */

/* Begin PBXGroup section */
		A6C6EF8A24A111190086739C = {
			isa = PBXGroup;
			children = (
				A6C6EF9524A111190086739C /* To Do KK */,
				A6C6EF9424A111190086739C /* Products */,
			);
			sourceTree = "<group>";
		};
		A6C6EF9424A111190086739C /* Products */ = {
			isa = PBXGroup;
			children = (
				A6C6EF9324A111190086739C /* To Do KK.app */,
			);
			name = Products;
			sourceTree = "<group>";
		};
		A6C6EF9524A111190086739C /* To Do KK */ = {
			isa = PBXGroup;
			children = (
				A6C6EF9624A111190086739C /* AppDelegate.swift */,
				A6C6EF9824A111190086739C /* SceneDelegate.swift */,
				A6C6EF9C24A111190086739C /* Main.storyboard */,
				A6C6EFAF24A119550086739C /* ToDo.swift */,
				A6C6EFAD24A117470086739C /* ToDoTableViewController.swift */,
				A6C6EFA224A1111F0086739C /* Assets.xcassets */,
				A6C6EFA424A1111F0086739C /* LaunchScreen.storyboard */,
				A6C6EFA724A1111F0086739C /* Info.plist */,
				A6C6EF9F24A111190086739C /* To_Do_KK.xcdatamodeld */,
			);
			path = "To Do KK";
			sourceTree = "<group>";
		};
/* End PBXGroup section */

/* Begin PBXNativeTarget section */
		A6C6EF9224A111190086739C /* To Do KK */ = {
			isa = PBXNativeTarget;
			buildConfigurationList = A6C6EFAA24A1111F0086739C /* Build configuration list for PBXNativeTarget "To Do KK" */;
			buildPhases = (
				A6C6EF8F24A111190086739C /* Sources */,
				A6C6EF9024A111190086739C /* Frameworks */,
				A6C6EF9124A111190086739C /* Resources */,
			);
			buildRules = (
			);
			dependencies = (
			);
			name = "To Do KK";
			productName = "To Do KK";
			productReference = A6C6EF9324A111190086739C /* To Do KK.app */;
			productType = "com.apple.product-type.application";
		};
/* End PBXNativeTarget section */

/* Begin PBXProject section */
		A6C6EF8B24A111190086739C /* Project object */ = {
			isa = PBXProject;
			attributes = {
				LastSwiftUpdateCheck = 1150;
				LastUpgradeCheck = 1150;
				ORGANIZATIONNAME = "Uzo Ogbanufe";
				TargetAttributes = {
					A6C6EF9224A111190086739C = {
						CreatedOnToolsVersion = 11.5;
					};
				};
			};
			buildConfigurationList = A6C6EF8E24A111190086739C /* Build configuration list for PBXProject "To Do KK" */;
			compatibilityVersion = "Xcode 9.3";
			developmentRegion = en;
			hasScannedForEncodings = 0;
			knownRegions = (
				en,
				Base,
			);
			mainGroup = A6C6EF8A24A111190086739C;
			productRefGroup = A6C6EF9424A111190086739C /* Products */;
			projectDirPath = "";
			projectRoot = "";
			targets = (
				A6C6EF9224A111190086739C /* To Do KK */,
			);
		};
/* End PBXProject section */

/* Begin PBXResourcesBuildPhase section */
		A6C6EF9124A111190086739C /* Resources */ = {
			isa = PBXResourcesBuildPhase;
			buildActionMask = 2147483647;
			files = (
				A6C6EFA624A1111F0086739C /* LaunchScreen.storyboard in Resources */,
				A6C6EFA324A1111F0086739C /* Assets.xcassets in Resources */,
				A6C6EF9E24A111190086739C /* Main.storyboard in Resources */,
			);
			runOnlyForDeploymentPostprocessing = 0;
		};
/* End PBXResourcesBuildPhase section */

/* Begin PBXSourcesBuildPhase section */
		A6C6EF8F24A111190086739C /* Sources */ = {
			isa = PBXSourcesBuildPhase;
			buildActionMask = 2147483647;
			files = (
				A6C6EF9724A111190086739C /* AppDelegate.swift in Sources */,
				A6C6EFB024A119550086739C /* ToDo.swift in Sources */,
				A6C6EFAE24A117470086739C /* ToDoTableViewController.swift in Sources */,
				A6C6EF9924A111190086739C /* SceneDelegate.swift in Sources */,
				A6C6EFA124A111190086739C /* To_Do_KK.xcdatamodeld in Sources */,
			);
			runOnlyForDeploymentPostprocessing = 0;
		};
/* End PBXSourcesBuildPhase section */

/* Begin PBXVariantGroup section */
		A6C6EF9C24A111190086739C /* Main.storyboard */ = {
			isa = PBXVariantGroup;
			children = (
				A6C6EF9D24A111190086739C /* Base */,
			);
			name = Main.storyboard;
			sourceTree = "<group>";
		};
		A6C6EFA424A1111F0086739C /* LaunchScreen.storyboard */ = {
			isa = PBXVariantGroup;
			children = (
				A6C6EFA524A1111F0086739C /* Base */,
			);
			name = LaunchScreen.storyboard;
			sourceTree = "<group>";
		};
/* End PBXVariantGroup section */

/* Begin XCBuildConfiguration section */
		A6C6EFA824A1111F0086739C /* Debug */ = {
			isa = XCBuildConfiguration;
			buildSettings = {
				ALWAYS_SEARCH_USER_PATHS = NO;
				CLANG_ANALYZER_NONNULL = YES;
				CLANG_ANALYZER_NUMBER_OBJECT_CONVERSION = YES_AGGRESSIVE;
				CLANG_CXX_LANGUAGE_STANDARD = "gnu++14";
				CLANG_CXX_LIBRARY = "libc++";
				CLANG_ENABLE_MODULES = YES;
				CLANG_ENABLE_OBJC_ARC = YES;
				CLANG_ENABLE_OBJC_WEAK = YES;
				CLANG_WARN_BLOCK_CAPTURE_AUTORELEASING = YES;
				CLANG_WARN_BOOL_CONVERSION = YES;
				CLANG_WARN_COMMA = YES;
				CLANG_WARN_CONSTANT_CONVERSION = YES;
				CLANG_WARN_DEPRECATED_OBJC_IMPLEMENTATIONS = YES;
				CLANG_WARN_DIRECT_OBJC_ISA_USAGE = YES_ERROR;
				CLANG_WARN_DOCUMENTATION_COMMENTS = YES;
				CLANG_WARN_EMPTY_BODY = YES;
				CLANG_WARN_ENUM_CONVERSION = YES;
				CLANG_WARN_INFINITE_RECURSION = YES;
				CLANG_WARN_INT_CONVERSION = YES;
				CLANG_WARN_NON_LITERAL_NULL_CONVERSION = YES;
				CLANG_WARN_OBJC_IMPLICIT_RETAIN_SELF = YES;
				CLANG_WARN_OBJC_LITERAL_CONVERSION = YES;
				CLANG_WARN_OBJC_ROOT_CLASS = YES_ERROR;
				CLANG_WARN_RANGE_LOOP_ANALYSIS = YES;
				CLANG_WARN_STRICT_PROTOTYPES = YES;
				CLANG_WARN_SUSPICIOUS_MOVE = YES;
				CLANG_WARN_UNGUARDED_AVAILABILITY = YES_AGGRESSIVE;
				CLANG_WARN_UNREACHABLE_CODE = YES;
				CLANG_WARN__DUPLICATE_METHOD_MATCH = YES;
				COPY_PHASE_STRIP = NO;
				DEBUG_INFORMATION_FORMAT = dwarf;
				ENABLE_STRICT_OBJC_MSGSEND = YES;
				ENABLE_TESTABILITY = YES;
				GCC_C_LANGUAGE_STANDARD = gnu11;
				GCC_DYNAMIC_NO_PIC = NO;
				GCC_NO_COMMON_BLOCKS = YES;
				GCC_OPTIMIZATION_LEVEL = 0;
				GCC_PREPROCESSOR_DEFINITIONS = (
					"DEBUG=1",
					"$(inherited)",
				);
				GCC_WARN_64_TO_32_BIT_CONVERSION = YES;
				GCC_WARN_ABOUT_RETURN_TYPE = YES_ERROR;
				GCC_WARN_UNDECLARED_SELECTOR = YES;
				GCC_WARN_UNINITIALIZED_AUTOS = YES_AGGRESSIVE;
				GCC_WARN_UNUSED_FUNCTION = YES;
				GCC_WARN_UNUSED_VARIABLE = YES;
				IPHONEOS_DEPLOYMENT_TARGET = 13.5;
				MTL_ENABLE_DEBUG_INFO = INCLUDE_SOURCE;
				MTL_FAST_MATH = YES;
				ONLY_ACTIVE_ARCH = YES;
				SDKROOT = iphoneos;
				SWIFT_ACTIVE_COMPILATION_CONDITIONS = DEBUG;
				SWIFT_OPTIMIZATION_LEVEL = "-Onone";
			};
			name = Debug;
		};
		A6C6EFA924A1111F0086739C /* Release */ = {
			isa = XCBuildConfiguration;
			buildSettings = {
				ALWAYS_SEARCH_USER_PATHS = NO;
				CLANG_ANALYZER_NONNULL = YES;
				CLANG_ANALYZER_NUMBER_OBJECT_CONVERSION = YES_AGGRESSIVE;
				CLANG_CXX_LANGUAGE_STANDARD = "gnu++14";
				CLANG_CXX_LIBRARY = "libc++";
				CLANG_ENABLE_MODULES = YES;
				CLANG_ENABLE_OBJC_ARC = YES;
				CLANG_ENABLE_OBJC_WEAK = YES;
				CLANG_WARN_BLOCK_CAPTURE_AUTORELEASING = YES;
				CLANG_WARN_BOOL_CONVERSION = YES;
				CLANG_WARN_COMMA = YES;
				CLANG_WARN_CONSTANT_CONVERSION = YES;
				CLANG_WARN_DEPRECATED_OBJC_IMPLEMENTATIONS = YES;
				CLANG_WARN_DIRECT_OBJC_ISA_USAGE = YES_ERROR;
				CLANG_WARN_DOCUMENTATION_COMMENTS = YES;
				CLANG_WARN_EMPTY_BODY = YES;
				CLANG_WARN_ENUM_CONVERSION = YES;
				CLANG_WARN_INFINITE_RECURSION = YES;
				CLANG_WARN_INT_CONVERSION = YES;
				CLANG_WARN_NON_LITERAL_NULL_CONVERSION = YES;
				CLANG_WARN_OBJC_IMPLICIT_RETAIN_SELF = YES;
				CLANG_WARN_OBJC_LITERAL_CONVERSION = YES;
				CLANG_WARN_OBJC_ROOT_CLASS = YES_ERROR;
				CLANG_WARN_RANGE_LOOP_ANALYSIS = YES;
				CLANG_WARN_STRICT_PROTOTYPES = YES;
				CLANG_WARN_SUSPICIOUS_MOVE = YES;
				CLANG_WARN_UNGUARDED_AVAILABILITY = YES_AGGRESSIVE;
				CLANG_WARN_UNREACHABLE_CODE = YES;
				CLANG_WARN__DUPLICATE_METHOD_MATCH = YES;
				COPY_PHASE_STRIP = NO;
				DEBUG_INFORMATION_FORMAT = "dwarf-with-dsym";
				ENABLE_NS_ASSERTIONS = NO;
				ENABLE_STRICT_OBJC_MSGSEND = YES;
				GCC_C_LANGUAGE_STANDARD = gnu11;
				GCC_NO_COMMON_BLOCKS = YES;
				GCC_WARN_64_TO_32_BIT_CONVERSION = YES;
				GCC_WARN_ABOUT_RETURN_TYPE = YES_ERROR;
				GCC_WARN_UNDECLARED_SELECTOR = YES;
				GCC_WARN_UNINITIALIZED_AUTOS = YES_AGGRESSIVE;
				GCC_WARN_UNUSED_FUNCTION = YES;
				GCC_WARN_UNUSED_VARIABLE = YES;
				IPHONEOS_DEPLOYMENT_TARGET = 13.5;
				MTL_ENABLE_DEBUG_INFO = NO;
				MTL_FAST_MATH = YES;
				SDKROOT = iphoneos;
				SWIFT_COMPILATION_MODE = wholemodule;
				SWIFT_OPTIMIZATION_LEVEL = "-O";
				VALIDATE_PRODUCT = YES;
			};
			name = Release;
		};
		A6C6EFAB24A1111F0086739C /* Debug */ = {
			isa = XCBuildConfiguration;
			buildSettings = {
				ASSETCATALOG_COMPILER_APPICON_NAME = AppIcon;
				CODE_SIGN_STYLE = Automatic;
				DEVELOPMENT_TEAM = ZUWTZ69JHL;
				INFOPLIST_FILE = "To Do KK/Info.plist";
				LD_RUNPATH_SEARCH_PATHS = (
					"$(inherited)",
					"@executable_path/Frameworks",
				);
				PRODUCT_BUNDLE_IDENTIFIER = "KWK-2020.To-Do-KK";
				PRODUCT_NAME = "$(TARGET_NAME)";
				SWIFT_VERSION = 5.0;
				TARGETED_DEVICE_FAMILY = "1,2";
			};
			name = Debug;
		};
		A6C6EFAC24A1111F0086739C /* Release */ = {
			isa = XCBuildConfiguration;
			buildSettings = {
				ASSETCATALOG_COMPILER_APPICON_NAME = AppIcon;
				CODE_SIGN_STYLE = Automatic;
				DEVELOPMENT_TEAM = ZUWTZ69JHL;
				INFOPLIST_FILE = "To Do KK/Info.plist";
				LD_RUNPATH_SEARCH_PATHS = (
					"$(inherited)",
					"@executable_path/Frameworks",
				);
				PRODUCT_BUNDLE_IDENTIFIER = "KWK-2020.To-Do-KK";
				PRODUCT_NAME = "$(TARGET_NAME)";
				SWIFT_VERSION = 5.0;
				TARGETED_DEVICE_FAMILY = "1,2";
			};
			name = Release;
		};
/* End XCBuildConfiguration section */

/* Begin XCConfigurationList section */
		A6C6EF8E24A111190086739C /* Build configuration list for PBXProject "To Do KK" */ = {
			isa = XCConfigurationList;
			buildConfigurations = (
				A6C6EFA824A1111F0086739C /* Debug */,
				A6C6EFA924A1111F0086739C /* Release */,
			);
			defaultConfigurationIsVisible = 0;
			defaultConfigurationName = Release;
		};
		A6C6EFAA24A1111F0086739C /* Build configuration list for PBXNativeTarget "To Do KK" */ = {
			isa = XCConfigurationList;
			buildConfigurations = (
				A6C6EFAB24A1111F0086739C /* Debug */,
				A6C6EFAC24A1111F0086739C /* Release */,
			);
			defaultConfigurationIsVisible = 0;
			defaultConfigurationName = Release;
		};
/* End XCConfigurationList section */

/* Begin XCVersionGroup section */
		A6C6EF9F24A111190086739C /* To_Do_KK.xcdatamodeld */ = {
			isa = XCVersionGroup;
			children = (
				A6C6EFA024A111190086739C /* To_Do_KK.xcdatamodel */,
			);
			currentVersion = A6C6EFA024A111190086739C /* To_Do_KK.xcdatamodel */;
			path = To_Do_KK.xcdatamodeld;
			sourceTree = "<group>";
			versionGroupType = wrapper.xcdatamodel;
		};
/* End XCVersionGroup section */
	};
	rootObject = A6C6EF8B24A111190086739C /* Project object */;
}
